
Microsoft Visual Studio Solution File, Format Version 12.00
# Visual Studio Version 16
VisualStudioVersion = 16.0.29728.190
MinimumVisualStudioVersion = 10.0.40219.1
Project("{FAE04EC0-301F-11D3-BF4B-00C04F79EFBC}") = "RoleBasedAuthApp", "RoleBasedAuthApp\RoleBasedAuthApp.csproj", "{A3BFDD7A-6C88-4D4F-9D1D-43666D39BF78}"
EndProject
Global
	GlobalSection(SolutionConfigurationPlatforms) = preSolution
		Debug|Any CPU = Debug|Any CPU
		Release|Any CPU = Release|Any CPU
	EndGlobalSection
	GlobalSection(ProjectConfigurationPlatforms) = postSolution
		{A3BFDD7A-6C88-4D4F-9D1D-43666D39BF78}.Debug|Any CPU.ActiveCfg = Debug|Any CPU
		{A3BFDD7A-6C88-4D4F-9D1D-43666D39BF78}.Debug|Any CPU.Build.0 = Debug|Any CPU
		{A3BFDD7A-6C88-4D4F-9D1D-43666D39BF78}.Release|Any CPU.ActiveCfg = Release|Any CPU
		{A3BFDD7A-6C88-4D4F-9D1D-43666D39BF78}.Release|Any CPU.Build.0 = Release|Any CPU
	EndGlobalSection
	GlobalSection(SolutionProperties) = preSolution
		HideSolutionNode = FALSE
	EndGlobalSection
	GlobalSection(ExtensibilityGlobals) = postSolution
		SolutionGuid = {7E1589DE-43DD-445D-98CE-22D72BAD0BCD}
	EndGlobalSection
EndGlobal
